{
  "name": "canvas",
  "version": "1.0.0",
  "lockfileVersion": 1,
  "requires": true,
  "dependencies": {
    "@sindresorhus/is": {
      "version": "0.14.0",
      "resolved": "https://xpinvestimentos.pkgs.visualstudio.com/_packaging/PackagesXP/npm/registry/@sindresorhus/is/-/is-0.14.0.tgz",
      "integrity": "sha1-n7OjzzEyMoFR81PeRjLgHlIQK+o="
    },
    "@szmarczak/http-timer": {
      "version": "1.1.2",
      "resolved": "https://xpinvestimentos.pkgs.visualstudio.com/_packaging/PackagesXP/npm/registry/@szmarczak/http-timer/-/http-timer-1.1.2.tgz",
      "integrity": "sha1-sWZeLEYaLNkvTBu/UNVFTeDUtCE=",
      "requires": {
        "defer-to-connect": "^1.0.1"
      }
    },
    "abs-svg-path": {
      "version": "0.1.1",
      "resolved": "https://xpinvestimentos.pkgs.visualstudio.com/_packaging/PackagesXP/npm/registry/abs-svg-path/-/abs-svg-path-0.1.1.tgz",
      "integrity": "sha1-32Acjo0roQ1KdtYl4japo5wnI78="
    },
    "adaptive-bezier-curve": {
      "version": "1.0.3",
      "resolved": "https://xpinvestimentos.pkgs.visualstudio.com/_packaging/PackagesXP/npm/registry/adaptive-bezier-curve/-/adaptive-bezier-curve-1.0.3.tgz",
      "integrity": "sha1-R3V3q+h9coDUbKQWSfbCJkb+gic="
    },
    "almost-equal": {
      "version": "1.1.0",
      "resolved": "https://xpinvestimentos.pkgs.visualstudio.com/_packaging/PackagesXP/npm/registry/almost-equal/-/almost-equal-1.1.0.tgz",
      "integrity": "sha1-+FHGMROHV5lCdqou++jfowZszN0="
    },
    "an-array": {
      "version": "1.0.0",
      "resolved": "https://xpinvestimentos.pkgs.visualstudio.com/_packaging/PackagesXP/npm/registry/an-array/-/an-array-1.0.0.tgz",
      "integrity": "sha1-wSWlu4JXd4419LT2qpx9D6nkJmU="
    },
    "array-almost-equal": {
      "version": "1.0.0",
      "resolved": "https://xpinvestimentos.pkgs.visualstudio.com/_packaging/PackagesXP/npm/registry/array-almost-equal/-/array-almost-equal-1.0.0.tgz",
      "integrity": "sha1-Q8VP9DUELpy/pCEqxJraX8c1n8U=",
      "requires": {
        "almost-equal": "0.0.0",
        "an-array": "^1.0.0"
      },
      "dependencies": {
        "almost-equal": {
          "version": "0.0.0",
          "resolved": "https://xpinvestimentos.pkgs.visualstudio.com/_packaging/PackagesXP/npm/registry/almost-equal/-/almost-equal-0.0.0.tgz",
          "integrity": "sha1-56Wms0V7Z8g+4ARPmo0HY3NV8C0="
        }
      }
    },
    "cacheable-request": {
      "version": "6.1.0",
      "resolved": "https://xpinvestimentos.pkgs.visualstudio.com/_packaging/PackagesXP/npm/registry/cacheable-request/-/cacheable-request-6.1.0.tgz",
      "integrity": "sha1-IP+4vRYrpL4R6VZ9gj22UQUsqRI=",
      "requires": {
        "clone-response": "^1.0.2",
        "get-stream": "^5.1.0",
        "http-cache-semantics": "^4.0.0",
        "keyv": "^3.0.0",
        "lowercase-keys": "^2.0.0",
        "normalize-url": "^4.1.0",
        "responselike": "^1.0.2"
      },
      "dependencies": {
        "get-stream": {
          "version": "5.2.0",
          "resolved": "https://xpinvestimentos.pkgs.visualstudio.com/_packaging/PackagesXP/npm/registry/get-stream/-/get-stream-5.2.0.tgz",
          "integrity": "sha1-SWaheV7lrOZecGxLe+txJX1uItM=",
          "requires": {
            "pump": "^3.0.0"
          }
        },
        "lowercase-keys": {
          "version": "2.0.0",
          "resolved": "https://xpinvestimentos.pkgs.visualstudio.com/_packaging/PackagesXP/npm/registry/lowercase-keys/-/lowercase-keys-2.0.0.tgz",
          "integrity": "sha1-JgPni3tLAAbLyi+8yKMgJVislHk="
        }
      }
    },
    "call-bind": {
      "version": "1.0.2",
      "resolved": "https://xpinvestimentos.pkgs.visualstudio.com/_packaging/PackagesXP/npm/registry/call-bind/-/call-bind-1.0.2.tgz",
      "integrity": "sha1-sdTonmiBGcPJqQOtMKuy9qkZvjw=",
      "requires": {
        "function-bind": "^1.1.1",
        "get-intrinsic": "^1.0.2"
      }
    },
    "canvas-sketch": {
      "version": "0.7.5",
      "resolved": "https://xpinvestimentos.pkgs.visualstudio.com/_packaging/PackagesXP/npm/registry/canvas-sketch/-/canvas-sketch-0.7.5.tgz",
      "integrity": "sha1-UxEfOpM0PkT1v7RsBlrRVe+7igQ=",
      "requires": {
        "convert-length": "^1.0.1",
        "dateformat": "^3.0.3",
        "deep-equal": "^1.0.1",
        "get-canvas-context": "^1.0.2",
        "is-class": "0.0.5",
        "is-dom": "^1.0.9",
        "is-promise": "^2.1.0",
        "object-assign": "^4.1.1",
        "pad-left": "^2.1.0",
        "right-now": "^1.0.0"
      }
    },
    "canvas-sketch-util": {
      "version": "1.10.0",
      "resolved": "https://xpinvestimentos.pkgs.visualstudio.com/_packaging/PackagesXP/npm/registry/canvas-sketch-util/-/canvas-sketch-util-1.10.0.tgz",
      "integrity": "sha1-k9Eao3j4mR7Qg30b+OpzgTL0Hx4=",
      "requires": {
        "abs-svg-path": "^0.1.1",
        "almost-equal": "^1.1.0",
        "array-almost-equal": "^1.0.0",
        "clone": "^2.1.2",
        "color-luminance": "^2.1.0",
        "convert-length": "^1.0.1",
        "d3-path": "^1.0.8",
        "defined": "^1.0.0",
        "float-hsl2rgb": "^1.0.2",
        "float-rgb2hsl": "^1.0.1",
        "lineclip": "^1.1.5",
        "normalize-svg-path": "^1.0.1",
        "parse-color": "^1.0.0",
        "parse-svg-path": "^0.1.2",
        "primitive-quad": "^2.0.0",
        "regl": "^1.3.7",
        "seed-random": "^2.2.0",
        "simplex-noise": "^2.4.0",
        "svg-path-contours": "^2.0.0"
      }
    },
    "clone": {
      "version": "2.1.2",
      "resolved": "https://xpinvestimentos.pkgs.visualstudio.com/_packaging/PackagesXP/npm/registry/clone/-/clone-2.1.2.tgz",
      "integrity": "sha1-G39Ln1kfHo+DZwQBYANFoCiHQ18="
    },
    "clone-response": {
      "version": "1.0.2",
      "resolved": "https://xpinvestimentos.pkgs.visualstudio.com/_packaging/PackagesXP/npm/registry/clone-response/-/clone-response-1.0.2.tgz",
      "integrity": "sha1-0dyXOSAxTfZ/vrlCI7TuNQI56Ws=",
      "requires": {
        "mimic-response": "^1.0.0"
      }
    },
    "color-convert": {
      "version": "0.5.3",
      "resolved": "https://xpinvestimentos.pkgs.visualstudio.com/_packaging/PackagesXP/npm/registry/color-convert/-/color-convert-0.5.3.tgz",
      "integrity": "sha1-vbbGnOZg+t/+CwAHzER+G59ygr0="
    },
    "color-luminance": {
      "version": "2.1.0",
      "resolved": "https://xpinvestimentos.pkgs.visualstudio.com/_packaging/PackagesXP/npm/registry/color-luminance/-/color-luminance-2.1.0.tgz",
      "integrity": "sha1-WP8uvTK1LQf1N47v5aDnnWsxitc="
    },
    "convert-length": {
      "version": "1.0.1",
      "resolved": "https://xpinvestimentos.pkgs.visualstudio.com/_packaging/PackagesXP/npm/registry/convert-length/-/convert-length-1.0.1.tgz",
      "integrity": "sha1-tmx9wffRgZFmZ8l39Xvi8esXwbc=",
      "requires": {
        "defined": "^1.0.0"
      }
    },
    "d3-path": {
      "version": "1.0.9",
      "resolved": "https://xpinvestimentos.pkgs.visualstudio.com/_packaging/PackagesXP/npm/registry/d3-path/-/d3-path-1.0.9.tgz",
      "integrity": "sha1-SMBQux/owmJJOoyvVSTj6VkXAc8="
    },
    "dateformat": {
      "version": "3.0.3",
      "resolved": "https://xpinvestimentos.pkgs.visualstudio.com/_packaging/PackagesXP/npm/registry/dateformat/-/dateformat-3.0.3.tgz",
      "integrity": "sha1-puN0maTZqc+F71hyBE1ikByYia4="
    },
    "decompress-response": {
      "version": "3.3.0",
      "resolved": "https://xpinvestimentos.pkgs.visualstudio.com/_packaging/PackagesXP/npm/registry/decompress-response/-/decompress-response-3.3.0.tgz",
      "integrity": "sha1-gKTdMjdIOEv6JICDYirt7Jgq3/M=",
      "requires": {
        "mimic-response": "^1.0.0"
      }
    },
    "deep-equal": {
      "version": "1.1.1",
      "resolved": "https://xpinvestimentos.pkgs.visualstudio.com/_packaging/PackagesXP/npm/registry/deep-equal/-/deep-equal-1.1.1.tgz",
      "integrity": "sha1-tcmMlCzv+vfLBR4k4UNKJaLmB2o=",
      "requires": {
        "is-arguments": "^1.0.4",
        "is-date-object": "^1.0.1",
        "is-regex": "^1.0.4",
        "object-is": "^1.0.1",
        "object-keys": "^1.1.1",
        "regexp.prototype.flags": "^1.2.0"
      }
    },
    "defer-to-connect": {
      "version": "1.1.3",
      "resolved": "https://xpinvestimentos.pkgs.visualstudio.com/_packaging/PackagesXP/npm/registry/defer-to-connect/-/defer-to-connect-1.1.3.tgz",
      "integrity": "sha1-MxrgUMCNz3ifjIOnuB8O2U9KxZE="
    },
    "define-properties": {
      "version": "1.1.4",
      "resolved": "https://xpinvestimentos.pkgs.visualstudio.com/_packaging/PackagesXP/npm/registry/define-properties/-/define-properties-1.1.4.tgz",
      "integrity": "sha1-CxTXvX++svNXLDp+2oDqXVf7BbE=",
      "requires": {
        "has-property-descriptors": "^1.0.0",
        "object-keys": "^1.1.1"
      }
    },
    "defined": {
      "version": "1.0.0",
      "resolved": "https://xpinvestimentos.pkgs.visualstudio.com/_packaging/PackagesXP/npm/registry/defined/-/defined-1.0.0.tgz",
      "integrity": "sha1-yY2bzvdWdBiOEQlpFRGZ45sfppM="
    },
    "duplexer3": {
      "version": "0.1.4",
      "resolved": "https://xpinvestimentos.pkgs.visualstudio.com/_packaging/PackagesXP/npm/registry/duplexer3/-/duplexer3-0.1.4.tgz",
      "integrity": "sha1-7gHdHKwO08vH/b6jfcCo8c4ALOI="
    },
    "end-of-stream": {
      "version": "1.4.4",
      "resolved": "https://xpinvestimentos.pkgs.visualstudio.com/_packaging/PackagesXP/npm/registry/end-of-stream/-/end-of-stream-1.4.4.tgz",
      "integrity": "sha1-WuZKX0UFe682JuwU2gyl5LJDHrA=",
      "requires": {
        "once": "^1.4.0"
      }
    },
    "float-hsl2rgb": {
      "version": "1.0.2",
      "resolved": "https://xpinvestimentos.pkgs.visualstudio.com/_packaging/PackagesXP/npm/registry/float-hsl2rgb/-/float-hsl2rgb-1.0.2.tgz",
      "integrity": "sha1-7PNQnECsZWfJaiBGIrDExL9DyKE="
    },
    "float-rgb2hsl": {
      "version": "1.0.1",
      "resolved": "https://xpinvestimentos.pkgs.visualstudio.com/_packaging/PackagesXP/npm/registry/float-rgb2hsl/-/float-rgb2hsl-1.0.1.tgz",
      "integrity": "sha1-jv6qD8cm5TNjp5vz9jYIIFXBDA4="
    },
    "function-bind": {
      "version": "1.1.1",
      "resolved": "https://xpinvestimentos.pkgs.visualstudio.com/_packaging/PackagesXP/npm/registry/function-bind/-/function-bind-1.1.1.tgz",
      "integrity": "sha1-pWiZ0+o8m6uHS7l3O3xe3pL0iV0="
    },
    "functions-have-names": {
      "version": "1.2.3",
      "resolved": "https://xpinvestimentos.pkgs.visualstudio.com/_packaging/PackagesXP/npm/registry/functions-have-names/-/functions-have-names-1.2.3.tgz",
      "integrity": "sha1-BAT+TuK6L2B/Dg7DyAuumUEzuDQ="
    },
    "get-canvas-context": {
      "version": "1.0.2",
      "resolved": "https://xpinvestimentos.pkgs.visualstudio.com/_packaging/PackagesXP/npm/registry/get-canvas-context/-/get-canvas-context-1.0.2.tgz",
      "integrity": "sha1-1ue1C8TkyGNXzTnyJkeoS3NgHpM="
    },
    "get-intrinsic": {
      "version": "1.1.2",
      "resolved": "https://xpinvestimentos.pkgs.visualstudio.com/_packaging/PackagesXP/npm/registry/get-intrinsic/-/get-intrinsic-1.1.2.tgz",
      "integrity": "sha1-M2l1Ej4FrQt7pB8VLuSq2+ps9Zg=",
      "requires": {
        "function-bind": "^1.1.1",
        "has": "^1.0.3",
        "has-symbols": "^1.0.3"
      }
    },
    "get-stream": {
      "version": "4.1.0",
      "resolved": "https://xpinvestimentos.pkgs.visualstudio.com/_packaging/PackagesXP/npm/registry/get-stream/-/get-stream-4.1.0.tgz",
      "integrity": "sha1-wbJVV189wh1Zv8ec09K0axw6VLU=",
      "requires": {
        "pump": "^3.0.0"
      }
    },
    "got": {
      "version": "9.6.0",
      "resolved": "https://xpinvestimentos.pkgs.visualstudio.com/_packaging/PackagesXP/npm/registry/got/-/got-9.6.0.tgz",
      "integrity": "sha1-7fRefWf5lUVwXeH3u+7rEhdl7YU=",
      "requires": {
        "@sindresorhus/is": "^0.14.0",
        "@szmarczak/http-timer": "^1.1.2",
        "cacheable-request": "^6.0.0",
        "decompress-response": "^3.3.0",
        "duplexer3": "^0.1.4",
        "get-stream": "^4.1.0",
        "lowercase-keys": "^1.0.1",
        "mimic-response": "^1.0.1",
        "p-cancelable": "^1.0.0",
        "to-readable-stream": "^1.0.0",
        "url-parse-lax": "^3.0.0"
      }
    },
    "has": {
      "version": "1.0.3",
      "resolved": "https://xpinvestimentos.pkgs.visualstudio.com/_packaging/PackagesXP/npm/registry/has/-/has-1.0.3.tgz",
      "integrity": "sha1-ci18v8H2qoJB8W3YFOAR4fQeh5Y=",
      "requires": {
        "function-bind": "^1.1.1"
      }
    },
    "has-property-descriptors": {
      "version": "1.0.0",
      "resolved": "https://xpinvestimentos.pkgs.visualstudio.com/_packaging/PackagesXP/npm/registry/has-property-descriptors/-/has-property-descriptors-1.0.0.tgz",
      "integrity": "sha1-YQcIYAYG02lh7QTBlhk7amB/qGE=",
      "requires": {
        "get-intrinsic": "^1.1.1"
      }
    },
    "has-symbols": {
      "version": "1.0.3",
      "resolved": "https://xpinvestimentos.pkgs.visualstudio.com/_packaging/PackagesXP/npm/registry/has-symbols/-/has-symbols-1.0.3.tgz",
      "integrity": "sha1-u3ssQ0klHc6HsSX3vfh0qnyLOfg="
    },
    "has-tostringtag": {
      "version": "1.0.0",
      "resolved": "https://xpinvestimentos.pkgs.visualstudio.com/_packaging/PackagesXP/npm/registry/has-tostringtag/-/has-tostringtag-1.0.0.tgz",
      "integrity": "sha1-fhM4GKfTlHNPlB5zw9P5KR5liyU=",
      "requires": {
        "has-symbols": "^1.0.2"
      }
    },
    "http-cache-semantics": {
      "version": "4.1.0",
      "resolved": "https://xpinvestimentos.pkgs.visualstudio.com/_packaging/PackagesXP/npm/registry/http-cache-semantics/-/http-cache-semantics-4.1.0.tgz",
      "integrity": "sha1-SekcXL82yblLz81xwj1SSex045A="
    },
    "is-arguments": {
      "version": "1.1.1",
      "resolved": "https://xpinvestimentos.pkgs.visualstudio.com/_packaging/PackagesXP/npm/registry/is-arguments/-/is-arguments-1.1.1.tgz",
      "integrity": "sha1-FbP4j9oB8ql/7ITKdhpWDxI++ps=",
      "requires": {
        "call-bind": "^1.0.2",
        "has-tostringtag": "^1.0.0"
      }
    },
    "is-class": {
      "version": "0.0.5",
      "resolved": "https://xpinvestimentos.pkgs.visualstudio.com/_packaging/PackagesXP/npm/registry/is-class/-/is-class-0.0.5.tgz",
      "integrity": "sha1-IgqEZdJPmhQggtBsfFbts5BSQW0="
    },
    "is-date-object": {
      "version": "1.0.5",
      "resolved": "https://xpinvestimentos.pkgs.visualstudio.com/_packaging/PackagesXP/npm/registry/is-date-object/-/is-date-object-1.0.5.tgz",
      "integrity": "sha1-CEHVU25yTCVZe/bqYuG9OCmN8x8=",
      "requires": {
        "has-tostringtag": "^1.0.0"
      }
    },
    "is-dom": {
      "version": "1.1.0",
      "resolved": "https://xpinvestimentos.pkgs.visualstudio.com/_packaging/PackagesXP/npm/registry/is-dom/-/is-dom-1.1.0.tgz",
      "integrity": "sha1-rx/O0pJ0JEO7Wco/dqtegJB7Too=",
      "requires": {
        "is-object": "^1.0.1",
        "is-window": "^1.0.2"
      }
    },
    "is-object": {
      "version": "1.0.2",
      "resolved": "https://xpinvestimentos.pkgs.visualstudio.com/_packaging/PackagesXP/npm/registry/is-object/-/is-object-1.0.2.tgz",
      "integrity": "sha1-pWVS4cZlyelQtKAlRh2ofnL4b88="
    },
    "is-promise": {
      "version": "2.2.2",
      "resolved": "https://xpinvestimentos.pkgs.visualstudio.com/_packaging/PackagesXP/npm/registry/is-promise/-/is-promise-2.2.2.tgz",
      "integrity": "sha1-OauVnMv5p3TPB597QMeib3YxNfE="
    },
    "is-regex": {
      "version": "1.1.4",
      "resolved": "https://xpinvestimentos.pkgs.visualstudio.com/_packaging/PackagesXP/npm/registry/is-regex/-/is-regex-1.1.4.tgz",
      "integrity": "sha1-7vVmPNWfpMCuM5UFMj32hUuxWVg=",
      "requires": {
        "call-bind": "^1.0.2",
        "has-tostringtag": "^1.0.0"
      }
    },
    "is-window": {
      "version": "1.0.2",
      "resolved": "https://xpinvestimentos.pkgs.visualstudio.com/_packaging/PackagesXP/npm/registry/is-window/-/is-window-1.0.2.tgz",
      "integrity": "sha1-LIlspT25feRdPDMTOmXYyfVjSA0="
    },
    "json-buffer": {
      "version": "3.0.0",
      "resolved": "https://xpinvestimentos.pkgs.visualstudio.com/_packaging/PackagesXP/npm/registry/json-buffer/-/json-buffer-3.0.0.tgz",
      "integrity": "sha1-Wx85evx11ne96Lz8Dkfh+aPZqJg="
    },
    "keyv": {
      "version": "3.1.0",
      "resolved": "https://xpinvestimentos.pkgs.visualstudio.com/_packaging/PackagesXP/npm/registry/keyv/-/keyv-3.1.0.tgz",
      "integrity": "sha1-7MIoSG9pmR5J6UdkhaW+Ho/FxNk=",
      "requires": {
        "json-buffer": "3.0.0"
      }
    },
    "lineclip": {
      "version": "1.1.5",
      "resolved": "https://xpinvestimentos.pkgs.visualstudio.com/_packaging/PackagesXP/npm/registry/lineclip/-/lineclip-1.1.5.tgz",
      "integrity": "sha1-K/JgZ9lDVP6r+R5CdoI221YW/RM="
    },
    "lowercase-keys": {
      "version": "1.0.1",
      "resolved": "https://xpinvestimentos.pkgs.visualstudio.com/_packaging/PackagesXP/npm/registry/lowercase-keys/-/lowercase-keys-1.0.1.tgz",
      "integrity": "sha1-b54wtHCE2XGnyCD/FabFFnt0wm8="
    },
    "map-limit": {
      "version": "0.0.1",
      "resolved": "https://xpinvestimentos.pkgs.visualstudio.com/_packaging/PackagesXP/npm/registry/map-limit/-/map-limit-0.0.1.tgz",
      "integrity": "sha1-63lhAxwPDo0AG/LVb6toXViCLzg=",
      "requires": {
        "once": "~1.3.0"
      },
      "dependencies": {
        "once": {
          "version": "1.3.3",
          "resolved": "https://xpinvestimentos.pkgs.visualstudio.com/_packaging/PackagesXP/npm/registry/once/-/once-1.3.3.tgz",
          "integrity": "sha1-suJhVXzkwxTsgwTz+oJmPkKXyiA=",
          "requires": {
            "wrappy": "1"
          }
        }
      }
    },
    "mimic-response": {
      "version": "1.0.1",
      "resolved": "https://xpinvestimentos.pkgs.visualstudio.com/_packaging/PackagesXP/npm/registry/mimic-response/-/mimic-response-1.0.1.tgz",
      "integrity": "sha1-SSNTiHju9CBjy4o+OweYeBSHqxs="
    },
    "minimist": {
      "version": "1.2.6",
      "resolved": "https://xpinvestimentos.pkgs.visualstudio.com/_packaging/PackagesXP/npm/registry/minimist/-/minimist-1.2.6.tgz",
      "integrity": "sha1-hjelt1nqDW6YcCz7OpKDMjyTr0Q="
    },
    "new-array": {
      "version": "1.0.0",
      "resolved": "https://xpinvestimentos.pkgs.visualstudio.com/_packaging/PackagesXP/npm/registry/new-array/-/new-array-1.0.0.tgz",
      "integrity": "sha1-XbxjnZYerH8an7wacUbsEvKST78="
    },
    "nice-color-palettes": {
      "version": "3.0.0",
      "resolved": "https://xpinvestimentos.pkgs.visualstudio.com/_packaging/PackagesXP/npm/registry/nice-color-palettes/-/nice-color-palettes-3.0.0.tgz",
      "integrity": "sha1-HsMZJ8/EzopRgitrqyxkhF0YGrs=",
      "requires": {
        "got": "^9.2.2",
        "map-limit": "0.0.1",
        "minimist": "^1.2.0",
        "new-array": "^1.0.0"
      }
    },
    "normalize-svg-path": {
      "version": "1.1.0",
      "resolved": "https://xpinvestimentos.pkgs.visualstudio.com/_packaging/PackagesXP/npm/registry/normalize-svg-path/-/normalize-svg-path-1.1.0.tgz",
      "integrity": "sha1-DmFOyiPDnwz/6CHWvmzRflaadmw=",
      "requires": {
        "svg-arc-to-cubic-bezier": "^3.0.0"
      }
    },
    "normalize-url": {
      "version": "4.5.1",
      "resolved": "https://xpinvestimentos.pkgs.visualstudio.com/_packaging/PackagesXP/npm/registry/normalize-url/-/normalize-url-4.5.1.tgz",
      "integrity": "sha1-DdkM8SiO4dExO4cIHJpZMu5IUYo="
    },
    "object-assign": {
      "version": "4.1.1",
      "resolved": "https://xpinvestimentos.pkgs.visualstudio.com/_packaging/PackagesXP/npm/registry/object-assign/-/object-assign-4.1.1.tgz",
      "integrity": "sha1-IQmtx5ZYh8/AXLvUQsrIv7s2CGM="
    },
    "object-is": {
      "version": "1.1.5",
      "resolved": "https://xpinvestimentos.pkgs.visualstudio.com/_packaging/PackagesXP/npm/registry/object-is/-/object-is-1.1.5.tgz",
      "integrity": "sha1-ud7qpfx/GEag+uzc7sE45XePU6w=",
      "requires": {
        "call-bind": "^1.0.2",
        "define-properties": "^1.1.3"
      }
    },
    "object-keys": {
      "version": "1.1.1",
      "resolved": "https://xpinvestimentos.pkgs.visualstudio.com/_packaging/PackagesXP/npm/registry/object-keys/-/object-keys-1.1.1.tgz",
      "integrity": "sha1-HEfyct8nfzsdrwYWd9nILiMixg4="
    },
    "once": {
      "version": "1.4.0",
      "resolved": "https://xpinvestimentos.pkgs.visualstudio.com/_packaging/PackagesXP/npm/registry/once/-/once-1.4.0.tgz",
      "integrity": "sha1-WDsap3WWHUsROsF9nFC6753Xa9E=",
      "requires": {
        "wrappy": "1"
      }
    },
    "p-cancelable": {
      "version": "1.1.0",
      "resolved": "https://xpinvestimentos.pkgs.visualstudio.com/_packaging/PackagesXP/npm/registry/p-cancelable/-/p-cancelable-1.1.0.tgz",
      "integrity": "sha1-0HjRWjr0CSIMiG8dmgyi5EGrJsw="
    },
    "pad-left": {
      "version": "2.1.0",
      "resolved": "https://xpinvestimentos.pkgs.visualstudio.com/_packaging/PackagesXP/npm/registry/pad-left/-/pad-left-2.1.0.tgz",
      "integrity": "sha1-FuajstRKjhOMsIOMx8tAOk/J6ZQ=",
      "requires": {
        "repeat-string": "^1.5.4"
      }
    },
    "parse-color": {
      "version": "1.0.0",
      "resolved": "https://xpinvestimentos.pkgs.visualstudio.com/_packaging/PackagesXP/npm/registry/parse-color/-/parse-color-1.0.0.tgz",
      "integrity": "sha1-e3SLlag/A/FqlPU15S1/PZRlhhk=",
      "requires": {
        "color-convert": "~0.5.0"
      }
    },
    "parse-svg-path": {
      "version": "0.1.2",
      "resolved": "https://xpinvestimentos.pkgs.visualstudio.com/_packaging/PackagesXP/npm/registry/parse-svg-path/-/parse-svg-path-0.1.2.tgz",
      "integrity": "sha1-en7A0esG+lMlx9PgCbhZoJtdSes="
    },
    "prepend-http": {
      "version": "2.0.0",
      "resolved": "https://xpinvestimentos.pkgs.visualstudio.com/_packaging/PackagesXP/npm/registry/prepend-http/-/prepend-http-2.0.0.tgz",
      "integrity": "sha1-6SQ0v6XqjBn0HN/UAddBo8gZ2Jc="
    },
    "primitive-quad": {
      "version": "2.0.0",
      "resolved": "https://xpinvestimentos.pkgs.visualstudio.com/_packaging/PackagesXP/npm/registry/primitive-quad/-/primitive-quad-2.0.0.tgz",
      "integrity": "sha1-wgmT5PlgAjiSa7UA5SkFMEPvius="
    },
    "pump": {
      "version": "3.0.0",
      "resolved": "https://xpinvestimentos.pkgs.visualstudio.com/_packaging/PackagesXP/npm/registry/pump/-/pump-3.0.0.tgz",
      "integrity": "sha1-tKIRaBW94vTh6mAjVOjHVWUQemQ=",
      "requires": {
        "end-of-stream": "^1.1.0",
        "once": "^1.3.1"
      }
    },
    "regexp.prototype.flags": {
      "version": "1.4.3",
      "resolved": "https://xpinvestimentos.pkgs.visualstudio.com/_packaging/PackagesXP/npm/registry/regexp.prototype.flags/-/regexp.prototype.flags-1.4.3.tgz",
      "integrity": "sha1-h8qzD4D2ZmAYGju3v1mBqHKzZ6w=",
      "requires": {
        "call-bind": "^1.0.2",
        "define-properties": "^1.1.3",
        "functions-have-names": "^1.2.2"
      }
    },
    "regl": {
      "version": "1.7.0",
      "resolved": "https://xpinvestimentos.pkgs.visualstudio.com/_packaging/PackagesXP/npm/registry/regl/-/regl-1.7.0.tgz",
      "integrity": "sha1-DRhUMQRKNWv4Dpt3WxG5Ne8nRtM="
    },
    "repeat-string": {
      "version": "1.6.1",
      "resolved": "https://xpinvestimentos.pkgs.visualstudio.com/_packaging/PackagesXP/npm/registry/repeat-string/-/repeat-string-1.6.1.tgz",
      "integrity": "sha1-jcrkcOHIirwtYA//Sndihtp15jc="
    },
    "responselike": {
      "version": "1.0.2",
      "resolved": "https://xpinvestimentos.pkgs.visualstudio.com/_packaging/PackagesXP/npm/registry/responselike/-/responselike-1.0.2.tgz",
      "integrity": "sha1-kYcg7ztjHFZCvgaPFa3lpG9Loec=",
      "requires": {
        "lowercase-keys": "^1.0.0"
      }
    },
    "right-now": {
      "version": "1.0.0",
      "resolved": "https://xpinvestimentos.pkgs.visualstudio.com/_packaging/PackagesXP/npm/registry/right-now/-/right-now-1.0.0.tgz",
      "integrity": "sha1-bolgne69fc2vja7Mmuo5z1haCRg="
    },
    "seed-random": {
      "version": "2.2.0",
      "resolved": "https://xpinvestimentos.pkgs.visualstudio.com/_packaging/PackagesXP/npm/registry/seed-random/-/seed-random-2.2.0.tgz",
      "integrity": "sha1-KpsZ4lCoFwmSMaW5mk2vgLf77VQ="
    },
    "simplex-noise": {
      "version": "2.4.0",
      "resolved": "https://xpinvestimentos.pkgs.visualstudio.com/_packaging/PackagesXP/npm/registry/simplex-noise/-/simplex-noise-2.4.0.tgz",
      "integrity": "sha1-gbNFj7ItzMO8jdmpd8c3l/hvUjo="
    },
    "svg-arc-to-cubic-bezier": {
      "version": "3.2.0",
      "resolved": "https://xpinvestimentos.pkgs.visualstudio.com/_packaging/PackagesXP/npm/registry/svg-arc-to-cubic-bezier/-/svg-arc-to-cubic-bezier-3.2.0.tgz",
      "integrity": "sha1-OQxFADWuHEoBBNkGUDBMO8gUq+Y="
    },
    "svg-path-contours": {
      "version": "2.0.0",
      "resolved": "https://xpinvestimentos.pkgs.visualstudio.com/_packaging/PackagesXP/npm/registry/svg-path-contours/-/svg-path-contours-2.0.0.tgz",
      "integrity": "sha1-x2oSlCnbBette2Hk0cWNEUqJOKI=",
      "requires": {
        "abs-svg-path": "^0.1.1",
        "adaptive-bezier-curve": "^1.0.3",
        "normalize-svg-path": "^0.1.0",
        "vec2-copy": "^1.0.0"
      },
      "dependencies": {
        "normalize-svg-path": {
          "version": "0.1.0",
          "resolved": "https://xpinvestimentos.pkgs.visualstudio.com/_packaging/PackagesXP/npm/registry/normalize-svg-path/-/normalize-svg-path-0.1.0.tgz",
          "integrity": "sha1-RWNg5g7Odfvve11+FgSA5//Rb+U="
        }
      }
    },
    "to-readable-stream": {
      "version": "1.0.0",
      "resolved": "https://xpinvestimentos.pkgs.visualstudio.com/_packaging/PackagesXP/npm/registry/to-readable-stream/-/to-readable-stream-1.0.0.tgz",
      "integrity": "sha1-zgqgwvPfat+FLvtASng+d8BHV3E="
    },
    "url-parse-lax": {
      "version": "3.0.0",
      "resolved": "https://xpinvestimentos.pkgs.visualstudio.com/_packaging/PackagesXP/npm/registry/url-parse-lax/-/url-parse-lax-3.0.0.tgz",
      "integrity": "sha1-FrXK/Afb42dsGxmZF3gj1lA6yww=",
      "requires": {
        "prepend-http": "^2.0.0"
      }
    },
    "vec2-copy": {
      "version": "1.0.0",
      "resolved": "https://xpinvestimentos.pkgs.visualstudio.com/_packaging/PackagesXP/npm/registry/vec2-copy/-/vec2-copy-1.0.0.tgz",
      "integrity": "sha1-xu7B2NrVRiUZTl9x+EM7YtLyCno="
    },
    "wrappy": {
      "version": "1.0.2",
      "resolved": "https://xpinvestimentos.pkgs.visualstudio.com/_packaging/PackagesXP/npm/registry/wrappy/-/wrappy-1.0.2.tgz",
      "integrity": "sha1-tSQ9jz7BqjXxNkYFvA0QNuMKtp8="
    }
  }
}
